# Generated by pub
# See https://dart.dev/tools/pub/glossary#lockfile
packages:
  collection:
    dependency: transitive
    description:
      name: collection
      url: "https://pub.dartlang.org"
    source: hosted
    version: "1.14.11"
  fl_chart:
    dependency: "direct main"
    description:
      name: fl_chart
      url: "https://pub.dartlang.org"
    source: hosted
    version: "0.1.6"
  flutter:
    dependency: "direct main"
    description: flutter
    source: sdk
    version: "0.0.0"
  hive:
    dependency: "direct main"
    description:
      name: hive
      url: "https://pub.dartlang.org"
    source: hosted
    version: "0.4.0"
  meta:
    dependency: transitive
    description:
      name: meta
      url: "https://pub.dartlang.org"
    source: hosted
    version: "1.1.7"
  moor:
    dependency: transitive
    description:
      name: moor
      url: "https://pub.dartlang.org"
    source: hosted
    version: "1.7.2"
  moor_ffi:
    dependency: "direct main"
    description:
      name: moor_ffi
      url: "https://pub.dartlang.org"
    source: hosted
    version: "0.0.1"
  path:
    dependency: "direct main"
    description:
      name: path
      url: "https://pub.dartlang.org"
    source: hosted
    version: "1.6.4"
  path_provider:
    dependency: "direct main"
    description:
      name: path_provider
      url: "https://pub.dartlang.org"
    source: hosted
    version: "1.1.0"
  pedantic:
    dependency: transitive
    description:
      name: pedantic
      url: "https://pub.dartlang.org"
    source: hosted
    version: "1.8.0+1"
  pointycastle:
    dependency: transitive
    description:
      name: pointycastle
      url: "https://pub.dartlang.org"
    source: hosted
    version: "1.0.1"
  random_string:
    dependency: "direct main"
    description:
      name: random_string
      url: "https://pub.dartlang.org"
    source: hosted
    version: "1.1.0"
  shared_preferences:
    dependency: "direct main"
    description:
      name: shared_preferences
      url: "https://pub.dartlang.org"
    source: hosted
    version: "0.5.3+4"
  sky_engine:
    dependency: transitive
    description: flutter
    source: sdk
    version: "0.0.99"
  sqflite:
    dependency: "direct main"
    description:
      name: sqflite
      url: "https://pub.dartlang.org"
    source: hosted
    version: "1.1.6+3"
  synchronized:
    dependency: transitive
    description:
      name: synchronized
      url: "https://pub.dartlang.org"
    source: hosted
    version: "2.1.0+1"
  typed_data:
    dependency: transitive
    description:
      name: typed_data
      url: "https://pub.dartlang.org"
    source: hosted
    version: "1.1.6"
  vector_math:
    dependency: transitive
    description:
      name: vector_math
      url: "https://pub.dartlang.org"
    source: hosted
    version: "2.0.8"
sdks:
  dart: ">=2.5.0-dev <2.6.0"
  flutter: ">=1.5.0 <2.0.0"
